
Microsoft Visual Studio Solution File, Format Version 12.00
# Visual Studio Version 17
VisualStudioVersion = 17.1.32421.90
MinimumVisualStudioVersion = 10.0.40219.1
Project("{FAE04EC0-301F-11D3-BF4B-00C04F79EFBC}") = "SecretHitler", "SecretHitler\SecretHitler.csproj", "{C05B23EA-7B22-47E8-8B45-FA7C175CBEBA}"
EndProject
Global
	GlobalSection(SolutionConfigurationPlatforms) = preSolution
		Debug|Any CPU = Debug|Any CPU
		Release|Any CPU = Release|Any CPU
	EndGlobalSection
	GlobalSection(ProjectConfigurationPlatforms) = postSolution
		{C05B23EA-7B22-47E8-8B45-FA7C175CBEBA}.Debug|Any CPU.ActiveCfg = Debug|Any CPU
		{C05B23EA-7B22-47E8-8B45-FA7C175CBEBA}.Debug|Any CPU.Build.0 = Debug|Any CPU
		{C05B23EA-7B22-47E8-8B45-FA7C175CBEBA}.Release|Any CPU.ActiveCfg = Release|Any CPU
		{C05B23EA-7B22-47E8-8B45-FA7C175CBEBA}.Release|Any CPU.Build.0 = Release|Any CPU
	EndGlobalSection
	GlobalSection(SolutionProperties) = preSolution
		HideSolutionNode = FALSE
	EndGlobalSection
	GlobalSection(ExtensibilityGlobals) = postSolution
		SolutionGuid = {F1AD6C23-B7B5-4B08-B29B-A6494FA76862}
	EndGlobalSection
EndGlobal
