
Microsoft Visual Studio Solution File, Format Version 12.00
# Visual Studio Version 17
VisualStudioVersion = 17.1.32421.90
MinimumVisualStudioVersion = 10.0.40219.1
Project("{9092AA53-FB77-4645-B42D-1CCCA6BD08BD}") = "Test", "Test\Test.njsproj", "{0959721B-E777-42D2-9AAA-B6716BE72C94}"
EndProject
Global
	GlobalSection(SolutionConfigurationPlatforms) = preSolution
		Debug|Any CPU = Debug|Any CPU
		Release|Any CPU = Release|Any CPU
	EndGlobalSection
	GlobalSection(ProjectConfigurationPlatforms) = postSolution
		{0959721B-E777-42D2-9AAA-B6716BE72C94}.Debug|Any CPU.ActiveCfg = Debug|Any CPU
		{0959721B-E777-42D2-9AAA-B6716BE72C94}.Debug|Any CPU.Build.0 = Debug|Any CPU
		{0959721B-E777-42D2-9AAA-B6716BE72C94}.Release|Any CPU.ActiveCfg = Release|Any CPU
		{0959721B-E777-42D2-9AAA-B6716BE72C94}.Release|Any CPU.Build.0 = Release|Any CPU
	EndGlobalSection
	GlobalSection(SolutionProperties) = preSolution
		HideSolutionNode = FALSE
	EndGlobalSection
	GlobalSection(ExtensibilityGlobals) = postSolution
		SolutionGuid = {10090C80-8D43-4614-BB34-7C3F2A4C5DEA}
	EndGlobalSection
EndGlobal
