
Microsoft Visual Studio Solution File, Format Version 12.00
# Visual Studio Version 17
VisualStudioVersion = 17.1.32228.430
MinimumVisualStudioVersion = 10.0.40219.1
Project("{888888A0-9F3D-457C-B088-3A5042F75D52}") = "Wordle", "Wordle\Wordle.pyproj", "{D0C6C38C-4513-4C4A-B906-12823309173C}"
EndProject
Global
	GlobalSection(SolutionConfigurationPlatforms) = preSolution
		Debug|Any CPU = Debug|Any CPU
		Release|Any CPU = Release|Any CPU
	EndGlobalSection
	GlobalSection(ProjectConfigurationPlatforms) = postSolution
		{D0C6C38C-4513-4C4A-B906-12823309173C}.Debug|Any CPU.ActiveCfg = Debug|Any CPU
		{D0C6C38C-4513-4C4A-B906-12823309173C}.Release|Any CPU.ActiveCfg = Release|Any CPU
	EndGlobalSection
	GlobalSection(SolutionProperties) = preSolution
		HideSolutionNode = FALSE
	EndGlobalSection
	GlobalSection(ExtensibilityGlobals) = postSolution
		SolutionGuid = {B70538BF-7749-4931-B5BC-8AFFEBC1C770}
	EndGlobalSection
EndGlobal
