
Microsoft Visual Studio Solution File, Format Version 12.00
# Visual Studio Version 17
VisualStudioVersion = 17.0.31912.275
MinimumVisualStudioVersion = 10.0.40219.1
Project("{FAE04EC0-301F-11D3-BF4B-00C04F79EFBC}") = "Splendor", "Splendor.csproj", "{9E9F8C68-2391-4056-BE84-61E18CB81C34}"
EndProject
Project("{FAE04EC0-301F-11D3-BF4B-00C04F79EFBC}") = "Splendor.Tests", "Splendor.Tests\Splendor.Tests.csproj", "{CE858A19-9A7B-483C-B514-059AECC39BBB}"
EndProject
Global
	GlobalSection(SolutionConfigurationPlatforms) = preSolution
		Debug|Any CPU = Debug|Any CPU
		Debug|x64 = Debug|x64
		Debug|x86 = Debug|x86
		Release|Any CPU = Release|Any CPU
		Release|x64 = Release|x64
		Release|x86 = Release|x86
	EndGlobalSection
	GlobalSection(ProjectConfigurationPlatforms) = postSolution
		{9E9F8C68-2391-4056-BE84-61E18CB81C34}.Debug|Any CPU.ActiveCfg = Debug|Any CPU
		{9E9F8C68-2391-4056-BE84-61E18CB81C34}.Debug|Any CPU.Build.0 = Debug|Any CPU
		{9E9F8C68-2391-4056-BE84-61E18CB81C34}.Debug|x64.ActiveCfg = Debug|Any CPU
		{9E9F8C68-2391-4056-BE84-61E18CB81C34}.Debug|x64.Build.0 = Debug|Any CPU
		{9E9F8C68-2391-4056-BE84-61E18CB81C34}.Debug|x86.ActiveCfg = Debug|Any CPU
		{9E9F8C68-2391-4056-BE84-61E18CB81C34}.Debug|x86.Build.0 = Debug|Any CPU
		{9E9F8C68-2391-4056-BE84-61E18CB81C34}.Release|Any CPU.ActiveCfg = Release|Any CPU
		{9E9F8C68-2391-4056-BE84-61E18CB81C34}.Release|Any CPU.Build.0 = Release|Any CPU
		{9E9F8C68-2391-4056-BE84-61E18CB81C34}.Release|x64.ActiveCfg = Release|Any CPU
		{9E9F8C68-2391-4056-BE84-61E18CB81C34}.Release|x64.Build.0 = Release|Any CPU
		{9E9F8C68-2391-4056-BE84-61E18CB81C34}.Release|x86.ActiveCfg = Release|Any CPU
		{9E9F8C68-2391-4056-BE84-61E18CB81C34}.Release|x86.Build.0 = Release|Any CPU
		{CE858A19-9A7B-483C-B514-059AECC39BBB}.Debug|Any CPU.ActiveCfg = Debug|Any CPU
		{CE858A19-9A7B-483C-B514-059AECC39BBB}.Debug|Any CPU.Build.0 = Debug|Any CPU
		{CE858A19-9A7B-483C-B514-059AECC39BBB}.Debug|x64.ActiveCfg = Debug|Any CPU
		{CE858A19-9A7B-483C-B514-059AECC39BBB}.Debug|x64.Build.0 = Debug|Any CPU
		{CE858A19-9A7B-483C-B514-059AECC39BBB}.Debug|x86.ActiveCfg = Debug|Any CPU
		{CE858A19-9A7B-483C-B514-059AECC39BBB}.Debug|x86.Build.0 = Debug|Any CPU
		{CE858A19-9A7B-483C-B514-059AECC39BBB}.Release|Any CPU.ActiveCfg = Release|Any CPU
		{CE858A19-9A7B-483C-B514-059AECC39BBB}.Release|Any CPU.Build.0 = Release|Any CPU
		{CE858A19-9A7B-483C-B514-059AECC39BBB}.Release|x64.ActiveCfg = Release|Any CPU
		{CE858A19-9A7B-483C-B514-059AECC39BBB}.Release|x64.Build.0 = Release|Any CPU
		{CE858A19-9A7B-483C-B514-059AECC39BBB}.Release|x86.ActiveCfg = Release|Any CPU
		{CE858A19-9A7B-483C-B514-059AECC39BBB}.Release|x86.Build.0 = Release|Any CPU
	EndGlobalSection
	GlobalSection(SolutionProperties) = preSolution
		HideSolutionNode = FALSE
	EndGlobalSection
	GlobalSection(ExtensibilityGlobals) = postSolution
		SolutionGuid = {1FFE4903-6001-4093-93FC-23A44FD7CAD2}
	EndGlobalSection
EndGlobal
